# THIS IS AN AUTOGENERATED FILE. DO NOT EDIT THIS FILE DIRECTLY.
# yarn lockfile v1


"@anatine/zod-openapi@^2.2.1":
  version "2.2.1"
  resolved "https://registry.yarnpkg.com/@anatine/zod-openapi/-/zod-openapi-2.2.1.tgz#1a45903b47d396a0a2c890413694dd91b523f479"
  integrity sha512-tYWsCc82II3XMR8lJgg8+AHgCbfsKpgzDmcceLW1SRpqiueqYVGW5AE33W4LJTl+WJ2/mET0DWD17biFO7k/Qg==
  dependencies:
    ts-deepmerge "^6.0.3"

"@nestjs/mapped-types@2.0.3":
  version "2.0.3"
  resolved "https://registry.yarnpkg.com/@nestjs/mapped-types/-/mapped-types-2.0.3.tgz#f400432da6c98d02b94b14e893fd7fa46c152403"
  integrity sha512-40Zdqg98lqoF0+7ThWIZFStxgzisK6GG22+1ABO4kZiGF/Tu2FE+DYLw+Q9D94vcFWizJ+MSjNN4ns9r6hIGxw==

"@nestjs/swagger@^7.1.16":
  version "7.1.16"
  resolved "https://registry.yarnpkg.com/@nestjs/swagger/-/swagger-7.1.16.tgz#110dac7f2ae9bbf04943fba51df4fa4b47a66ef3"
  integrity sha512-f9KBk/BX9MUKPTj7tQNYJ124wV/jP5W2lwWHLGwe/4qQXixuDOo39zP55HIJ44LE7S04B7BOeUOo9GBJD/vRcw==
  dependencies:
    "@nestjs/mapped-types" "2.0.3"
    js-yaml "4.1.0"
    lodash "4.17.21"
    path-to-regexp "3.2.0"
    swagger-ui-dist "5.9.1"

argparse@^2.0.1:
  version "2.0.1"
  resolved "https://registry.yarnpkg.com/argparse/-/argparse-2.0.1.tgz#246f50f3ca78a3240f6c997e8a9bd1eac49e4b38"
  integrity sha512-8+9WqebbFzpX9OR+Wa6O29asIogeRMzcGtAINdpMHHyAg10f05aSFVBbcEqGf/PXw1EjAZ+q2/bEBg3DvurK3Q==

js-yaml@4.1.0:
  version "4.1.0"
  resolved "https://registry.yarnpkg.com/js-yaml/-/js-yaml-4.1.0.tgz#c1fb65f8f5017901cdd2c951864ba18458a10602"
  integrity sha512-wpxZs9NoxZaJESJGIZTyDEaYpl0FKSA+FB9aJiyemKhMwkxQg63h4T1KJgUGHpTqPDNRcmmYLugrRjJlBtWvRA==
  dependencies:
    argparse "^2.0.1"

lodash@4.17.21:
  version "4.17.21"
  resolved "https://registry.yarnpkg.com/lodash/-/lodash-4.17.21.tgz#679591c564c3bffaae8454cf0b3df370c3d6911c"
  integrity sha512-v2kDEe57lecTulaDIuNTPy3Ry4gLGJ6Z1O3vE1krgXZNrsQ+LFTGHVxVjcXPs17LhbZVGedAJv8XZ1tvj5FvSg==

path-to-regexp@3.2.0:
  version "3.2.0"
  resolved "https://registry.yarnpkg.com/path-to-regexp/-/path-to-regexp-3.2.0.tgz#fa7877ecbc495c601907562222453c43cc204a5f"
  integrity sha512-jczvQbCUS7XmS7o+y1aEO9OBVFeZBQ1MDSEqmO7xSoPgOPoowY/SxLpZ6Vh97/8qHZOteiCKb7gkG9gA2ZUxJA==

swagger-ui-dist@5.9.1:
  version "5.9.1"
  resolved "https://registry.yarnpkg.com/swagger-ui-dist/-/swagger-ui-dist-5.9.1.tgz#d0bcd614e3752da02df141846348f84468ae815e"
  integrity sha512-5zAx+hUwJb9T3EAntc7TqYkV716CMqG6sZpNlAAMOMWkNXRYxGkN8ADIvD55dQZ10LxN90ZM/TQmN7y1gpICnw==

ts-deepmerge@^6.0.3:
  version "6.2.0"
  resolved "https://registry.yarnpkg.com/ts-deepmerge/-/ts-deepmerge-6.2.0.tgz#77554381a4884d66cab799470bc2620a1c9d84e8"
  integrity sha512-2qxI/FZVDPbzh63GwWIZYE7daWKtwXZYuyc8YNq0iTmMUwn4mL0jRLsp6hfFlgbdRSR4x2ppe+E86FnvEpN7Nw==

typescript@^5.3.2:
  version "5.3.2"
  resolved "https://registry.yarnpkg.com/typescript/-/typescript-5.3.2.tgz#00d1c7c1c46928c5845c1ee8d0cc2791031d4c43"
  integrity sha512-6l+RyNy7oAHDfxC4FzSJcz9vnjTKxrLpDG5M2Vu4SHRVNg6xzqZp6LYSR9zjqQTu8DU/f5xwxUdADOkbrIX2gQ==

zod@^3.22.4:
  version "3.22.4"
  resolved "https://registry.yarnpkg.com/zod/-/zod-3.22.4.tgz#f31c3a9386f61b1f228af56faa9255e845cf3fff"
  integrity sha512-iC+8Io04lddc+mVqQ9AZ7OQ2MrUKGN+oIQyq1vemgt46jwCwLfhq7/pwnBnNXXXZb8VTVLKwp9EDkx+ryxIWmg==
